Microsoft Visual Studio Solution File, Format Version 12.00
# Visual Studio Version 17
VisualStudioVersion = 17.5.2.0
MinimumVisualStudioVersion = 10.0.40219.1
Project("{2150E333-8FDC-42A3-9474-1A3956D46DE8}") = "target-workloads", "target-workloads", "{E1A526CE-CDCD-5FE3-9F52-AE78C4CFCD5E}"
EndProject
Project("{FAE04EC0-301F-11D3-BF4B-00C04F79EFBC}") = "AppOne", "target-workloads\AppOne\AppOne.csproj", "{D74694F0-49FA-B071-3345-25C37DDA934F}"
EndProject
Project("{FAE04EC0-301F-11D3-BF4B-00C04F79EFBC}") = "AppTwo", "target-workloads\AppTwo\AppTwo.csproj", "{884AB4F3-8A67-5E9F-0F6A-2EC4D705EBDF}"
EndProject
Global
	GlobalSection(SolutionConfigurationPlatforms) = preSolution
		Debug|Any CPU = Debug|Any CPU
		Release|Any CPU = Release|Any CPU
	EndGlobalSection
	GlobalSection(ProjectConfigurationPlatforms) = postSolution
		{D74694F0-49FA-B071-3345-25C37DDA934F}.Debug|Any CPU.ActiveCfg = Debug|Any CPU
		{D74694F0-49FA-B071-3345-25C37DDA934F}.Debug|Any CPU.Build.0 = Debug|Any CPU
		{D74694F0-49FA-B071-3345-25C37DDA934F}.Release|Any CPU.ActiveCfg = Release|Any CPU
		{D74694F0-49FA-B071-3345-25C37DDA934F}.Release|Any CPU.Build.0 = Release|Any CPU
		{884AB4F3-8A67-5E9F-0F6A-2EC4D705EBDF}.Debug|Any CPU.ActiveCfg = Debug|Any CPU
		{884AB4F3-8A67-5E9F-0F6A-2EC4D705EBDF}.Debug|Any CPU.Build.0 = Debug|Any CPU
		{884AB4F3-8A67-5E9F-0F6A-2EC4D705EBDF}.Release|Any CPU.ActiveCfg = Release|Any CPU
		{884AB4F3-8A67-5E9F-0F6A-2EC4D705EBDF}.Release|Any CPU.Build.0 = Release|Any CPU
	EndGlobalSection
	GlobalSection(SolutionProperties) = preSolution
		HideSolutionNode = FALSE
	EndGlobalSection
	GlobalSection(NestedProjects) = preSolution
		{D74694F0-49FA-B071-3345-25C37DDA934F} = {E1A526CE-CDCD-5FE3-9F52-AE78C4CFCD5E}
		{884AB4F3-8A67-5E9F-0F6A-2EC4D705EBDF} = {E1A526CE-CDCD-5FE3-9F52-AE78C4CFCD5E}
	EndGlobalSection
	GlobalSection(ExtensibilityGlobals) = postSolution
		SolutionGuid = {D7E792B5-C740-41CC-9A15-35E6C72AA77A}
	EndGlobalSection
EndGlobal
